
Microsoft Visual Studio Solution File, Format Version 12.00
# Visual Studio 15
VisualStudioVersion = 15.0.27004.2010
MinimumVisualStudioVersion = 10.0.40219.1
Project("{FAE04EC0-301F-11D3-BF4B-00C04F79EFBC}") = "ManagementOfSantaClaus", "ManagementOfSantaClaus\ManagementOfSantaClaus.csproj", "{F4C7DE74-3D18-4A5D-8870-A0517D857639}"
EndProject
Project("{FAE04EC0-301F-11D3-BF4B-00C04F79EFBC}") = "ManagementOfSantaClaus.Tests", "ManagementOfSantaClaus.Tests\ManagementOfSantaClaus.Tests.csproj", "{52914316-7837-407F-9059-EE2A2CA2C0E1}"
EndProject
Project("{FAE04EC0-301F-11D3-BF4B-00C04F79EFBC}") = "ManagementOfSantaClaus.Classes", "ManagementOfSantaClaus.Classes\ManagementOfSantaClaus.Classes.csproj", "{C1F02F22-E44F-467A-89D3-0DC696680B43}"
EndProject
Project("{FAE04EC0-301F-11D3-BF4B-00C04F79EFBC}") = "ManagementOfSantaClaus.IntegrationTests", "ManagementOfSantaClaus.IntegrationTests\ManagementOfSantaClaus.IntegrationTests.csproj", "{6CD6A2CF-D8EE-4C2F-A8F0-18638EAD4EA1}"
EndProject
Global
	GlobalSection(SolutionConfigurationPlatforms) = preSolution
		Debug|Any CPU = Debug|Any CPU
		Release|Any CPU = Release|Any CPU
	EndGlobalSection
	GlobalSection(ProjectConfigurationPlatforms) = postSolution
		{F4C7DE74-3D18-4A5D-8870-A0517D857639}.Debug|Any CPU.ActiveCfg = Debug|Any CPU
		{F4C7DE74-3D18-4A5D-8870-A0517D857639}.Debug|Any CPU.Build.0 = Debug|Any CPU
		{F4C7DE74-3D18-4A5D-8870-A0517D857639}.Release|Any CPU.ActiveCfg = Release|Any CPU
		{F4C7DE74-3D18-4A5D-8870-A0517D857639}.Release|Any CPU.Build.0 = Release|Any CPU
		{52914316-7837-407F-9059-EE2A2CA2C0E1}.Debug|Any CPU.ActiveCfg = Debug|Any CPU
		{52914316-7837-407F-9059-EE2A2CA2C0E1}.Debug|Any CPU.Build.0 = Debug|Any CPU
		{52914316-7837-407F-9059-EE2A2CA2C0E1}.Release|Any CPU.ActiveCfg = Release|Any CPU
		{52914316-7837-407F-9059-EE2A2CA2C0E1}.Release|Any CPU.Build.0 = Release|Any CPU
		{C1F02F22-E44F-467A-89D3-0DC696680B43}.Debug|Any CPU.ActiveCfg = Debug|Any CPU
		{C1F02F22-E44F-467A-89D3-0DC696680B43}.Debug|Any CPU.Build.0 = Debug|Any CPU
		{C1F02F22-E44F-467A-89D3-0DC696680B43}.Release|Any CPU.ActiveCfg = Release|Any CPU
		{C1F02F22-E44F-467A-89D3-0DC696680B43}.Release|Any CPU.Build.0 = Release|Any CPU
		{6CD6A2CF-D8EE-4C2F-A8F0-18638EAD4EA1}.Debug|Any CPU.ActiveCfg = Debug|Any CPU
		{6CD6A2CF-D8EE-4C2F-A8F0-18638EAD4EA1}.Debug|Any CPU.Build.0 = Debug|Any CPU
		{6CD6A2CF-D8EE-4C2F-A8F0-18638EAD4EA1}.Release|Any CPU.ActiveCfg = Release|Any CPU
		{6CD6A2CF-D8EE-4C2F-A8F0-18638EAD4EA1}.Release|Any CPU.Build.0 = Release|Any CPU
	EndGlobalSection
	GlobalSection(SolutionProperties) = preSolution
		HideSolutionNode = FALSE
	EndGlobalSection
	GlobalSection(ExtensibilityGlobals) = postSolution
		SolutionGuid = {2BBF9742-7DF8-4279-A564-3FA8421A42D5}
	EndGlobalSection
EndGlobal
